
Microsoft Visual Studio Solution File, Format Version 12.00
# Visual Studio 15
VisualStudioVersion = 15.0.28307.489
MinimumVisualStudioVersion = 10.0.40219.1
Project("{FAE04EC0-301F-11D3-BF4B-00C04F79EFBC}") = "DXFRenderingBitmap", "DXFRenderingBitmap.csproj", "{98D56B39-D486-4EBB-82F1-F9F950405EDD}"
EndProject
Global
	GlobalSection(SolutionConfigurationPlatforms) = preSolution
		Debug|Any CPU = Debug|Any CPU
		Release|Any CPU = Release|Any CPU
	EndGlobalSection
	GlobalSection(ProjectConfigurationPlatforms) = postSolution
		{98D56B39-D486-4EBB-82F1-F9F950405EDD}.Debug|Any CPU.ActiveCfg = Debug|Any CPU
		{98D56B39-D486-4EBB-82F1-F9F950405EDD}.Debug|Any CPU.Build.0 = Debug|Any CPU
		{98D56B39-D486-4EBB-82F1-F9F950405EDD}.Release|Any CPU.ActiveCfg = Release|Any CPU
		{98D56B39-D486-4EBB-82F1-F9F950405EDD}.Release|Any CPU.Build.0 = Release|Any CPU
	EndGlobalSection
	GlobalSection(SolutionProperties) = preSolution
		HideSolutionNode = FALSE
	EndGlobalSection
	GlobalSection(ExtensibilityGlobals) = postSolution
		SolutionGuid = {00B1FCDF-CA29-42FC-8861-65FC7C622C21}
	EndGlobalSection
EndGlobal
